version = 1
revision = 3
requires-python = ">=3.12"

[[package]]
name = "pip"
version = "26.1"
source = { registry = "https://pypi.org/simple" }
sdist = { url = "https://files.pythonhosted.org/packages/73/7e/d2b04004e1068ad4fdfa2f227b839b5d03e602e47cdbbf49de71137c9546/pip-26.1.tar.gz", hash = "sha256:81e13ebcca3ffa8cc85e4deff5c27e1ee26dea0aa7fc2f294a073ac208806ff3", size = 1840316, upload-time = "2026-04-26T21:00:05.406Z" }
wheels = [
    { url = "https://files.pythonhosted.org/packages/70/7a/be4bd8bcbb24ea475856dd68159d78b03b2bb53dae369f69c9606b8888f5/pip-26.1-py3-none-any.whl", hash = "sha256:4e8486d821d814b77319acb7b9e8bf5a4ee7590a643e7cb21029f209be8573c1", size = 1812804, upload-time = "2026-04-26T21:00:03.194Z" },
]

[[package]]
name = "workspace"
version = "0.1.0"
source = { virtual = "." }
dependencies = [
    { name = "pip" },
]

[package.metadata]
requires-dist = [{ name = "pip", specifier = "==26.1" }]
